
Microsoft Visual Studio Solution File, Format Version 12.00
# Visual Studio Version 17
VisualStudioVersion = 17.9.34728.123
MinimumVisualStudioVersion = 10.0.40219.1
Project("{FAE04EC0-301F-11D3-BF4B-00C04F79EFBC}") = "DygasIndustries", "DygasIndustries\DygasIndustries.csproj", "{046895F4-FAF1-4351-BB09-8433D31E0623}"
EndProject
Global
	GlobalSection(SolutionConfigurationPlatforms) = preSolution
		Debug|Any CPU = Debug|Any CPU
		Release|Any CPU = Release|Any CPU
	EndGlobalSection
	GlobalSection(ProjectConfigurationPlatforms) = postSolution
		{046895F4-FAF1-4351-BB09-8433D31E0623}.Debug|Any CPU.ActiveCfg = Debug|Any CPU
		{046895F4-FAF1-4351-BB09-8433D31E0623}.Debug|Any CPU.Build.0 = Debug|Any CPU
		{046895F4-FAF1-4351-BB09-8433D31E0623}.Release|Any CPU.ActiveCfg = Release|Any CPU
		{046895F4-FAF1-4351-BB09-8433D31E0623}.Release|Any CPU.Build.0 = Release|Any CPU
	EndGlobalSection
	GlobalSection(SolutionProperties) = preSolution
		HideSolutionNode = FALSE
	EndGlobalSection
	GlobalSection(ExtensibilityGlobals) = postSolution
		SolutionGuid = {353F5897-7924-4A36-8185-3D502252D90D}
	EndGlobalSection
EndGlobal
